
Microsoft Visual Studio Solution File, Format Version 12.00
# Visual Studio Version 16
VisualStudioVersion = 16.0.29326.143
MinimumVisualStudioVersion = 10.0.40219.1
Project("{FAE04EC0-301F-11D3-BF4B-00C04F79EFBC}") = "WebApplication11", "WebApplication11\WebApplication11.csproj", "{826F8D63-93C4-4AC3-A98D-1BFF24FBACFC}"
EndProject
Global
	GlobalSection(SolutionConfigurationPlatforms) = preSolution
		Debug|Any CPU = Debug|Any CPU
		Release|Any CPU = Release|Any CPU
	EndGlobalSection
	GlobalSection(ProjectConfigurationPlatforms) = postSolution
		{826F8D63-93C4-4AC3-A98D-1BFF24FBACFC}.Debug|Any CPU.ActiveCfg = Debug|Any CPU
		{826F8D63-93C4-4AC3-A98D-1BFF24FBACFC}.Debug|Any CPU.Build.0 = Debug|Any CPU
		{826F8D63-93C4-4AC3-A98D-1BFF24FBACFC}.Release|Any CPU.ActiveCfg = Release|Any CPU
		{826F8D63-93C4-4AC3-A98D-1BFF24FBACFC}.Release|Any CPU.Build.0 = Release|Any CPU
	EndGlobalSection
	GlobalSection(SolutionProperties) = preSolution
		HideSolutionNode = FALSE
	EndGlobalSection
	GlobalSection(ExtensibilityGlobals) = postSolution
		SolutionGuid = {F408EF66-7EB0-4D63-A7B7-31A7CF024D3F}
	EndGlobalSection
EndGlobal
